<?xml version="1.0" encoding="utf-8"?>
<Project ToolsVersion="17.0" xmlns="http://schemas.microsoft.com/developer/msbuild/2003">
  <ItemGroup>
    <ClCompile Include="C:\Users\osunt\202520529266\worksheet4\calc\adder.cpp">
      <Filter>Source Files</Filter>
    </ClCompile>
  </ItemGroup>
  <ItemGroup>
    <CustomBuild Include="C:\Users\osunt\202520529266\worksheet4\calc\CMakeLists.txt" />
  </ItemGroup>
  <ItemGroup>
    <Filter Include="Source Files">
      <UniqueIdentifier>{7DB4A5C4-6DEB-36F6-9D16-55EAC71FB715}</UniqueIdentifier>
    </Filter>
  </ItemGroup>
</Project>
