<?xml version="1.0" encoding="utf-8"?>
<Project ToolsVersion="17.0" xmlns="http://schemas.microsoft.com/developer/msbuild/2003">
  <ItemGroup>
    <CustomBuild Include="C:\Users\osunt\202520529266\worksheet6\exercise1_build\CMakeFiles\b1c72fa9f401697bdf98dd61c00014ed\generate.stamp.rule">
      <Filter>CMake Rules</Filter>
    </CustomBuild>
  </ItemGroup>
  <ItemGroup>
    <Filter Include="CMake Rules">
      <UniqueIdentifier>{1D2BA32E-20EE-3A0E-A941-B0B3A98F18C9}</UniqueIdentifier>
    </Filter>
  </ItemGroup>
</Project>
